dependencies:
- name: minio
  repository: https://charts.min.io
  version: 5.4.0
- name: postgresql
  repository: https://charts.bitnami.com/bitnami
  version: 18.5.6
- name: postgresql
  repository: https://charts.bitnami.com/bitnami
  version: 18.5.6
- name: postgresql
  repository: https://charts.bitnami.com/bitnami
  version: 18.5.6
- name: postgresql
  repository: https://charts.bitnami.com/bitnami
  version: 18.5.6
- name: neo4j
  repository: https://helm.neo4j.com/neo4j
  version: 2026.2.2
digest: sha256:ef2437bc890b464f3ee8fbb88ed603f0797a1e436339ea9080673f47253873a3
generated: "2026-03-15T12:35:09.248496-06:00"
