dependencies:
- name: n8n
  repository: https://community-charts.github.io/helm-charts
  version: 1.16.31
- name: mlflow
  repository: https://community-charts.github.io/helm-charts
  version: 1.8.1
- name: langfuse
  repository: https://langfuse.github.io/langfuse-k8s
  version: 1.5.22
- name: litellm
  repository: file://../litellm
  version: 0.1.0
- name: streaming-proxy
  repository: file://../streaming-proxy
  version: 0.1.0
- name: mcp-gateway
  repository: file://../mcp-gateway
  version: 0.1.0
digest: sha256:0a201561def64b9b2486678b1ec86e6fd6a93b938ac8b4e7cf10b8847273fb1d
generated: "2026-03-15T13:13:57.785446-06:00"
